// !$*UTF8*$!
{
	archiveVersion = 1;
	classes = {
	};
	objectVersion = 56;
	objects = {

/* Begin PBXBuildFile section */
		8DA784A22C9CD9F500D25CF8 /* BikerUIApp.swift in Sources */ = {isa = PBXBuildFile; fileRef = 8DA784A12C9CD9F500D25CF8 /* BikerUIApp.swift */; };
		8DA784A42C9CD9F500D25CF8 /* ContentView.swift in Sources */ = {isa = PBXBuildFile; fileRef = 8DA784A32C9CD9F500D25CF8 /* ContentView.swift */; };
		8DA784A62C9CD9F900D25CF8 /* Assets.xcassets in Resources */ = {isa = PBXBuildFile; fileRef = 8DA784A52C9CD9F900D25CF8 /* Assets.xcassets */; };
		8DA784A92C9CD9F900D25CF8 /* Preview Assets.xcassets in Resources */ = {isa = PBXBuildFile; fileRef = 8DA784A82C9CD9F900D25CF8 /* Preview Assets.xcassets */; };
		8DA784B32C9CD9F900D25CF8 /* BikerUITests.swift in Sources */ = {isa = PBXBuildFile; fileRef = 8DA784B22C9CD9F900D25CF8 /* BikerUITests.swift */; };
		8DA784BD2C9CD9F900D25CF8 /* BikerUIUITests.swift in Sources */ = {isa = PBXBuildFile; fileRef = 8DA784BC2C9CD9F900D25CF8 /* BikerUIUITests.swift */; };
		8DA784BF2C9CD9F900D25CF8 /* BikerUIUITestsLaunchTests.swift in Sources */ = {isa = PBXBuildFile; fileRef = 8DA784BE2C9CD9F900D25CF8 /* BikerUIUITestsLaunchTests.swift */; };
		8DA784CC2C9CDACF00D25CF8 /* HomeView.swift in Sources */ = {isa = PBXBuildFile; fileRef = 8DA784CB2C9CDACF00D25CF8 /* HomeView.swift */; };
		8DA784CE2C9CDAEE00D25CF8 /* ProfileView.swift in Sources */ = {isa = PBXBuildFile; fileRef = 8DA784CD2C9CDAEE00D25CF8 /* ProfileView.swift */; };
/* End PBXBuildFile section */

/* Begin PBXContainerItemProxy section */
		8DA784AF2C9CD9F900D25CF8 /* PBXContainerItemProxy */ = {
			isa = PBXContainerItemProxy;
			containerPortal = 8DA784962C9CD9F500D25CF8 /* Project object */;
			proxyType = 1;
			remoteGlobalIDString = 8DA7849D2C9CD9F500D25CF8;
			remoteInfo = BikerUI;
		};
		8DA784B92C9CD9F900D25CF8 /* PBXContainerItemProxy */ = {
			isa = PBXContainerItemProxy;
			containerPortal = 8DA784962C9CD9F500D25CF8 /* Project object */;
			proxyType = 1;
			remoteGlobalIDString = 8DA7849D2C9CD9F500D25CF8;
			remoteInfo = BikerUI;
		};
/* End PBXContainerItemProxy section */

/* Begin PBXFileReference section */
		8DA7849E2C9CD9F500D25CF8 /* BikerUI.app */ = {isa = PBXFileReference; explicitFileType = wrapper.application; includeInIndex = 0; path = BikerUI.app; sourceTree = BUILT_PRODUCTS_DIR; };
		8DA784A12C9CD9F500D25CF8 /* BikerUIApp.swift */ = {isa = PBXFileReference; lastKnownFileType = sourcecode.swift; path = BikerUIApp.swift; sourceTree = "<group>"; };
		8DA784A32C9CD9F500D25CF8 /* ContentView.swift */ = {isa = PBXFileReference; lastKnownFileType = sourcecode.swift; path = ContentView.swift; sourceTree = "<group>"; };
		8DA784A52C9CD9F900D25CF8 /* Assets.xcassets */ = {isa = PBXFileReference; lastKnownFileType = folder.assetcatalog; path = Assets.xcassets; sourceTree = "<group>"; };
		8DA784A82C9CD9F900D25CF8 /* Preview Assets.xcassets */ = {isa = PBXFileReference; lastKnownFileType = folder.assetcatalog; path = "Preview Assets.xcassets"; sourceTree = "<group>"; };
		8DA784AE2C9CD9F900D25CF8 /* BikerUITests.xctest */ = {isa = PBXFileReference; explicitFileType = wrapper.cfbundle; includeInIndex = 0; path = BikerUITests.xctest; sourceTree = BUILT_PRODUCTS_DIR; };
		8DA784B22C9CD9F900D25CF8 /* BikerUITests.swift */ = {isa = PBXFileReference; lastKnownFileType = sourcecode.swift; path = BikerUITests.swift; sourceTree = "<group>"; };
		8DA784B82C9CD9F900D25CF8 /* BikerUIUITests.xctest */ = {isa = PBXFileReference; explicitFileType = wrapper.cfbundle; includeInIndex = 0; path = BikerUIUITests.xctest; sourceTree = BUILT_PRODUCTS_DIR; };
		8DA784BC2C9CD9F900D25CF8 /* BikerUIUITests.swift */ = {isa = PBXFileReference; lastKnownFileType = sourcecode.swift; path = BikerUIUITests.swift; sourceTree = "<group>"; };
		8DA784BE2C9CD9F900D25CF8 /* BikerUIUITestsLaunchTests.swift */ = {isa = PBXFileReference; lastKnownFileType = sourcecode.swift; path = BikerUIUITestsLaunchTests.swift; sourceTree = "<group>"; };
		8DA784CB2C9CDACF00D25CF8 /* HomeView.swift */ = {isa = PBXFileReference; lastKnownFileType = sourcecode.swift; path = HomeView.swift; sourceTree = "<group>"; };
		8DA784CD2C9CDAEE00D25CF8 /* ProfileView.swift */ = {isa = PBXFileReference; lastKnownFileType = sourcecode.swift; path = ProfileView.swift; sourceTree = "<group>"; };
/* End PBXFileReference section */

/* Begin PBXFrameworksBuildPhase section */
		8DA7849B2C9CD9F500D25CF8 /* Frameworks */ = {
			isa = PBXFrameworksBuildPhase;
			buildActionMask = 2147483647;
			files = (
			);
			runOnlyForDeploymentPostprocessing = 0;
		};
		8DA784AB2C9CD9F900D25CF8 /* Frameworks */ = {
			isa = PBXFrameworksBuildPhase;
			buildActionMask = 2147483647;
			files = (
			);
			runOnlyForDeploymentPostprocessing = 0;
		};
		8DA784B52C9CD9F900D25CF8 /* Frameworks */ = {
			isa = PBXFrameworksBuildPhase;
			buildActionMask = 2147483647;
			files = (
			);
			runOnlyForDeploymentPostprocessing = 0;
		};
/* End PBXFrameworksBuildPhase section */

/* Begin PBXGroup section */
		8DA784952C9CD9F500D25CF8 = {
			isa = PBXGroup;
			children = (
				8DA784A02C9CD9F500D25CF8 /* BikerUI */,
				8DA784B12C9CD9F900D25CF8 /* BikerUITests */,
				8DA784BB2C9CD9F900D25CF8 /* BikerUIUITests */,
				8DA7849F2C9CD9F500D25CF8 /* Products */,
			);
			sourceTree = "<group>";
		};
		8DA7849F2C9CD9F500D25CF8 /* Products */ = {
			isa = PBXGroup;
			children = (
				8DA7849E2C9CD9F500D25CF8 /* BikerUI.app */,
				8DA784AE2C9CD9F900D25CF8 /* BikerUITests.xctest */,
				8DA784B82C9CD9F900D25CF8 /* BikerUIUITests.xctest */,
			);
			name = Products;
			sourceTree = "<group>";
		};
		8DA784A02C9CD9F500D25CF8 /* BikerUI */ = {
			isa = PBXGroup;
			children = (
				8DA784A12C9CD9F500D25CF8 /* BikerUIApp.swift */,
				8DA784A32C9CD9F500D25CF8 /* ContentView.swift */,
				8DA784A52C9CD9F900D25CF8 /* Assets.xcassets */,
				8DA784A72C9CD9F900D25CF8 /* Preview Content */,
				8DA784CB2C9CDACF00D25CF8 /* HomeView.swift */,
				8DA784CD2C9CDAEE00D25CF8 /* ProfileView.swift */,
			);
			path = BikerUI;
			sourceTree = "<group>";
		};
		8DA784A72C9CD9F900D25CF8 /* Preview Content */ = {
			isa = PBXGroup;
			children = (
				8DA784A82C9CD9F900D25CF8 /* Preview Assets.xcassets */,
			);
			path = "Preview Content";
			sourceTree = "<group>";
		};
		8DA784B12C9CD9F900D25CF8 /* BikerUITests */ = {
			isa = PBXGroup;
			children = (
				8DA784B22C9CD9F900D25CF8 /* BikerUITests.swift */,
			);
			path = BikerUITests;
			sourceTree = "<group>";
		};
		8DA784BB2C9CD9F900D25CF8 /* BikerUIUITests */ = {
			isa = PBXGroup;
			children = (
				8DA784BC2C9CD9F900D25CF8 /* BikerUIUITests.swift */,
				8DA784BE2C9CD9F900D25CF8 /* BikerUIUITestsLaunchTests.swift */,
			);
			path = BikerUIUITests;
			sourceTree = "<group>";
		};
/* End PBXGroup section */

/* Begin PBXNativeTarget section */
		8DA7849D2C9CD9F500D25CF8 /* BikerUI */ = {
			isa = PBXNativeTarget;
			buildConfigurationList = 8DA784C22C9CD9F900D25CF8 /* Build configuration list for PBXNativeTarget "BikerUI" */;
			buildPhases = (
				8DA7849A2C9CD9F500D25CF8 /* Sources */,
				8DA7849B2C9CD9F500D25CF8 /* Frameworks */,
				8DA7849C2C9CD9F500D25CF8 /* Resources */,
			);
			buildRules = (
			);
			dependencies = (
			);
			name = BikerUI;
			productName = BikerUI;
			productReference = 8DA7849E2C9CD9F500D25CF8 /* BikerUI.app */;
			productType = "com.apple.product-type.application";
		};
		8DA784AD2C9CD9F900D25CF8 /* BikerUITests */ = {
			isa = PBXNativeTarget;
			buildConfigurationList = 8DA784C52C9CD9F900D25CF8 /* Build configuration list for PBXNativeTarget "BikerUITests" */;
			buildPhases = (
				8DA784AA2C9CD9F900D25CF8 /* Sources */,
				8DA784AB2C9CD9F900D25CF8 /* Frameworks */,
				8DA784AC2C9CD9F900D25CF8 /* Resources */,
			);
			buildRules = (
			);
			dependencies = (
				8DA784B02C9CD9F900D25CF8 /* PBXTargetDependency */,
			);
			name = BikerUITests;
			productName = BikerUITests;
			productReference = 8DA784AE2C9CD9F900D25CF8 /* BikerUITests.xctest */;
			productType = "com.apple.product-type.bundle.unit-test";
		};
		8DA784B72C9CD9F900D25CF8 /* BikerUIUITests */ = {
			isa = PBXNativeTarget;
			buildConfigurationList = 8DA784C82C9CD9F900D25CF8 /* Build configuration list for PBXNativeTarget "BikerUIUITests" */;
			buildPhases = (
				8DA784B42C9CD9F900D25CF8 /* Sources */,
				8DA784B52C9CD9F900D25CF8 /* Frameworks */,
				8DA784B62C9CD9F900D25CF8 /* Resources */,
			);
			buildRules = (
			);
			dependencies = (
				8DA784BA2C9CD9F900D25CF8 /* PBXTargetDependency */,
			);
			name = BikerUIUITests;
			productName = BikerUIUITests;
			productReference = 8DA784B82C9CD9F900D25CF8 /* BikerUIUITests.xctest */;
			productType = "com.apple.product-type.bundle.ui-testing";
		};
/* End PBXNativeTarget section */

/* Begin PBXProject section */
		8DA784962C9CD9F500D25CF8 /* Project object */ = {
			isa = PBXProject;
			attributes = {
				BuildIndependentTargetsInParallel = 1;
				LastSwiftUpdateCheck = 1540;
				LastUpgradeCheck = 1540;
				TargetAttributes = {
					8DA7849D2C9CD9F500D25CF8 = {
						CreatedOnToolsVersion = 15.4;
					};
					8DA784AD2C9CD9F900D25CF8 = {
						CreatedOnToolsVersion = 15.4;
						TestTargetID = 8DA7849D2C9CD9F500D25CF8;
					};
					8DA784B72C9CD9F900D25CF8 = {
						CreatedOnToolsVersion = 15.4;
						TestTargetID = 8DA7849D2C9CD9F500D25CF8;
					};
				};
			};
			buildConfigurationList = 8DA784992C9CD9F500D25CF8 /* Build configuration list for PBXProject "BikerUI" */;
			compatibilityVersion = "Xcode 14.0";
			developmentRegion = en;
			hasScannedForEncodings = 0;
			knownRegions = (
				en,
				Base,
			);
			mainGroup = 8DA784952C9CD9F500D25CF8;
			productRefGroup = 8DA7849F2C9CD9F500D25CF8 /* Products */;
			projectDirPath = "";
			projectRoot = "";
			targets = (
				8DA7849D2C9CD9F500D25CF8 /* BikerUI */,
				8DA784AD2C9CD9F900D25CF8 /* BikerUITests */,
				8DA784B72C9CD9F900D25CF8 /* BikerUIUITests */,
			);
		};
/* End PBXProject section */

/* Begin PBXResourcesBuildPhase section */
		8DA7849C2C9CD9F500D25CF8 /* Resources */ = {
			isa = PBXResourcesBuildPhase;
			buildActionMask = 2147483647;
			files = (
				8DA784A92C9CD9F900D25CF8 /* Preview Assets.xcassets in Resources */,
				8DA784A62C9CD9F900D25CF8 /* Assets.xcassets in Resources */,
			);
			runOnlyForDeploymentPostprocessing = 0;
		};
		8DA784AC2C9CD9F900D25CF8 /* Resources */ = {
			isa = PBXResourcesBuildPhase;
			buildActionMask = 2147483647;
			files = (
			);
			runOnlyForDeploymentPostprocessing = 0;
		};
		8DA784B62C9CD9F900D25CF8 /* Resources */ = {
			isa = PBXResourcesBuildPhase;
			buildActionMask = 2147483647;
			files = (
			);
			runOnlyForDeploymentPostprocessing = 0;
		};
/* End PBXResourcesBuildPhase section */

/* Begin PBXSourcesBuildPhase section */
		8DA7849A2C9CD9F500D25CF8 /* Sources */ = {
			isa = PBXSourcesBuildPhase;
			buildActionMask = 2147483647;
			files = (
				8DA784CE2C9CDAEE00D25CF8 /* ProfileView.swift in Sources */,
				8DA784CC2C9CDACF00D25CF8 /* HomeView.swift in Sources */,
				8DA784A42C9CD9F500D25CF8 /* ContentView.swift in Sources */,
				8DA784A22C9CD9F500D25CF8 /* BikerUIApp.swift in Sources */,
			);
			runOnlyForDeploymentPostprocessing = 0;
		};
		8DA784AA2C9CD9F900D25CF8 /* Sources */ = {
			isa = PBXSourcesBuildPhase;
			buildActionMask = 2147483647;
			files = (
				8DA784B32C9CD9F900D25CF8 /* BikerUITests.swift in Sources */,
			);
			runOnlyForDeploymentPostprocessing = 0;
		};
		8DA784B42C9CD9F900D25CF8 /* Sources */ = {
			isa = PBXSourcesBuildPhase;
			buildActionMask = 2147483647;
			files = (
				8DA784BF2C9CD9F900D25CF8 /* BikerUIUITestsLaunchTests.swift in Sources */,
				8DA784BD2C9CD9F900D25CF8 /* BikerUIUITests.swift in Sources */,
			);
			runOnlyForDeploymentPostprocessing = 0;
		};
/* End PBXSourcesBuildPhase section */

/* Begin PBXTargetDependency section */
		8DA784B02C9CD9F900D25CF8 /* PBXTargetDependency */ = {
			isa = PBXTargetDependency;
			target = 8DA7849D2C9CD9F500D25CF8 /* BikerUI */;
			targetProxy = 8DA784AF2C9CD9F900D25CF8 /* PBXContainerItemProxy */;
		};
		8DA784BA2C9CD9F900D25CF8 /* PBXTargetDependency */ = {
			isa = PBXTargetDependency;
			target = 8DA7849D2C9CD9F500D25CF8 /* BikerUI */;
			targetProxy = 8DA784B92C9CD9F900D25CF8 /* PBXContainerItemProxy */;
		};
/* End PBXTargetDependency section */

/* Begin XCBuildConfiguration section */
		8DA784C02C9CD9F900D25CF8 /* Debug */ = {
			isa = XCBuildConfiguration;
			buildSettings = {
				ALWAYS_SEARCH_USER_PATHS = NO;
				ASSETCATALOG_COMPILER_GENERATE_SWIFT_ASSET_SYMBOL_EXTENSIONS = YES;
				CLANG_ANALYZER_NONNULL = YES;
				CLANG_ANALYZER_NUMBER_OBJECT_CONVERSION = YES_AGGRESSIVE;
				CLANG_CXX_LANGUAGE_STANDARD = "gnu++20";
				CLANG_ENABLE_MODULES = YES;
				CLANG_ENABLE_OBJC_ARC = YES;
				CLANG_ENABLE_OBJC_WEAK = YES;
				CLANG_WARN_BLOCK_CAPTURE_AUTORELEASING = YES;
				CLANG_WARN_BOOL_CONVERSION = YES;
				CLANG_WARN_COMMA = YES;
				CLANG_WARN_CONSTANT_CONVERSION = YES;
				CLANG_WARN_DEPRECATED_OBJC_IMPLEMENTATIONS = YES;
				CLANG_WARN_DIRECT_OBJC_ISA_USAGE = YES_ERROR;
				CLANG_WARN_DOCUMENTATION_COMMENTS = YES;
				CLANG_WARN_EMPTY_BODY = YES;
				CLANG_WARN_ENUM_CONVERSION = YES;
				CLANG_WARN_INFINITE_RECURSION = YES;
				CLANG_WARN_INT_CONVERSION = YES;
				CLANG_WARN_NON_LITERAL_NULL_CONVERSION = YES;
				CLANG_WARN_OBJC_IMPLICIT_RETAIN_SELF = YES;
				CLANG_WARN_OBJC_LITERAL_CONVERSION = YES;
				CLANG_WARN_OBJC_ROOT_CLASS = YES_ERROR;
				CLANG_WARN_QUOTED_INCLUDE_IN_FRAMEWORK_HEADER = YES;
				CLANG_WARN_RANGE_LOOP_ANALYSIS = YES;
				CLANG_WARN_STRICT_PROTOTYPES = YES;
				CLANG_WARN_SUSPICIOUS_MOVE = YES;
				CLANG_WARN_UNGUARDED_AVAILABILITY = YES_AGGRESSIVE;
				CLANG_WARN_UNREACHABLE_CODE = YES;
				CLANG_WARN__DUPLICATE_METHOD_MATCH = YES;
				COPY_PHASE_STRIP = NO;
				DEBUG_INFORMATION_FORMAT = dwarf;
				ENABLE_STRICT_OBJC_MSGSEND = YES;
				ENABLE_TESTABILITY = YES;
				ENABLE_USER_SCRIPT_SANDBOXING = YES;
				GCC_C_LANGUAGE_STANDARD = gnu17;
				GCC_DYNAMIC_NO_PIC = NO;
				GCC_NO_COMMON_BLOCKS = YES;
				GCC_OPTIMIZATION_LEVEL = 0;
				GCC_PREPROCESSOR_DEFINITIONS = (
					"DEBUG=1",
					"$(inherited)",
				);
				GCC_WARN_64_TO_32_BIT_CONVERSION = YES;
				GCC_WARN_ABOUT_RETURN_TYPE = YES_ERROR;
				GCC_WARN_UNDECLARED_SELECTOR = YES;
				GCC_WARN_UNINITIALIZED_AUTOS = YES_AGGRESSIVE;
				GCC_WARN_UNUSED_FUNCTION = YES;
				GCC_WARN_UNUSED_VARIABLE = YES;
				IPHONEOS_DEPLOYMENT_TARGET = 17.5;
				LOCALIZATION_PREFERS_STRING_CATALOGS = YES;
				MTL_ENABLE_DEBUG_INFO = INCLUDE_SOURCE;
				MTL_FAST_MATH = YES;
				ONLY_ACTIVE_ARCH = YES;
				SDKROOT = iphoneos;
				SWIFT_ACTIVE_COMPILATION_CONDITIONS = "DEBUG $(inherited)";
				SWIFT_OPTIMIZATION_LEVEL = "-Onone";
			};
			name = Debug;
		};
		8DA784C12C9CD9F900D25CF8 /* Release */ = {
			isa = XCBuildConfiguration;
			buildSettings = {
				ALWAYS_SEARCH_USER_PATHS = NO;
				ASSETCATALOG_COMPILER_GENERATE_SWIFT_ASSET_SYMBOL_EXTENSIONS = YES;
				CLANG_ANALYZER_NONNULL = YES;
				CLANG_ANALYZER_NUMBER_OBJECT_CONVERSION = YES_AGGRESSIVE;
				CLANG_CXX_LANGUAGE_STANDARD = "gnu++20";
				CLANG_ENABLE_MODULES = YES;
				CLANG_ENABLE_OBJC_ARC = YES;
				CLANG_ENABLE_OBJC_WEAK = YES;
				CLANG_WARN_BLOCK_CAPTURE_AUTORELEASING = YES;
				CLANG_WARN_BOOL_CONVERSION = YES;
				CLANG_WARN_COMMA = YES;
				CLANG_WARN_CONSTANT_CONVERSION = YES;
				CLANG_WARN_DEPRECATED_OBJC_IMPLEMENTATIONS = YES;
				CLANG_WARN_DIRECT_OBJC_ISA_USAGE = YES_ERROR;
				CLANG_WARN_DOCUMENTATION_COMMENTS = YES;
				CLANG_WARN_EMPTY_BODY = YES;
				CLANG_WARN_ENUM_CONVERSION = YES;
				CLANG_WARN_INFINITE_RECURSION = YES;
				CLANG_WARN_INT_CONVERSION = YES;
				CLANG_WARN_NON_LITERAL_NULL_CONVERSION = YES;
				CLANG_WARN_OBJC_IMPLICIT_RETAIN_SELF = YES;
				CLANG_WARN_OBJC_LITERAL_CONVERSION = YES;
				CLANG_WARN_OBJC_ROOT_CLASS = YES_ERROR;
				CLANG_WARN_QUOTED_INCLUDE_IN_FRAMEWORK_HEADER = YES;
				CLANG_WARN_RANGE_LOOP_ANALYSIS = YES;
				CLANG_WARN_STRICT_PROTOTYPES = YES;
				CLANG_WARN_SUSPICIOUS_MOVE = YES;
				CLANG_WARN_UNGUARDED_AVAILABILITY = YES_AGGRESSIVE;
				CLANG_WARN_UNREACHABLE_CODE = YES;
				CLANG_WARN__DUPLICATE_METHOD_MATCH = YES;
				COPY_PHASE_STRIP = NO;
				DEBUG_INFORMATION_FORMAT = "dwarf-with-dsym";
				ENABLE_NS_ASSERTIONS = NO;
				ENABLE_STRICT_OBJC_MSGSEND = YES;
				ENABLE_USER_SCRIPT_SANDBOXING = YES;
				GCC_C_LANGUAGE_STANDARD = gnu17;
				GCC_NO_COMMON_BLOCKS = YES;
				GCC_WARN_64_TO_32_BIT_CONVERSION = YES;
				GCC_WARN_ABOUT_RETURN_TYPE = YES_ERROR;
				GCC_WARN_UNDECLARED_SELECTOR = YES;
				GCC_WARN_UNINITIALIZED_AUTOS = YES_AGGRESSIVE;
				GCC_WARN_UNUSED_FUNCTION = YES;
				GCC_WARN_UNUSED_VARIABLE = YES;
				IPHONEOS_DEPLOYMENT_TARGET = 17.5;
				LOCALIZATION_PREFERS_STRING_CATALOGS = YES;
				MTL_ENABLE_DEBUG_INFO = NO;
				MTL_FAST_MATH = YES;
				SDKROOT = iphoneos;
				SWIFT_COMPILATION_MODE = wholemodule;
				VALIDATE_PRODUCT = YES;
			};
			name = Release;
		};
		8DA784C32C9CD9F900D25CF8 /* Debug */ = {
			isa = XCBuildConfiguration;
			buildSettings = {
				ASSETCATALOG_COMPILER_APPICON_NAME = AppIcon;
				ASSETCATALOG_COMPILER_GLOBAL_ACCENT_COLOR_NAME = AccentColor;
				CODE_SIGN_STYLE = Automatic;
				CURRENT_PROJECT_VERSION = 1;
				DEVELOPMENT_ASSET_PATHS = "\"BikerUI/Preview Content\"";
				DEVELOPMENT_TEAM = 6L85L25W7L;
				ENABLE_PREVIEWS = YES;
				GENERATE_INFOPLIST_FILE = YES;
				INFOPLIST_KEY_UIApplicationSceneManifest_Generation = YES;
				INFOPLIST_KEY_UIApplicationSupportsIndirectInputEvents = YES;
				INFOPLIST_KEY_UILaunchScreen_Generation = YES;
				INFOPLIST_KEY_UISupportedInterfaceOrientations_iPad = "UIInterfaceOrientationPortrait UIInterfaceOrientationPortraitUpsideDown UIInterfaceOrientationLandscapeLeft UIInterfaceOrientationLandscapeRight";
				INFOPLIST_KEY_UISupportedInterfaceOrientations_iPhone = "UIInterfaceOrientationPortrait UIInterfaceOrientationLandscapeLeft UIInterfaceOrientationLandscapeRight";
				LD_RUNPATH_SEARCH_PATHS = (
					"$(inherited)",
					"@executable_path/Frameworks",
				);
				MARKETING_VERSION = 1.0;
				PRODUCT_BUNDLE_IDENTIFIER = com.abhi.swift.BikerUI;
				PRODUCT_NAME = "$(TARGET_NAME)";
				SWIFT_EMIT_LOC_STRINGS = YES;
				SWIFT_VERSION = 5.0;
				TARGETED_DEVICE_FAMILY = "1,2";
			};
			name = Debug;
		};
		8DA784C42C9CD9F900D25CF8 /* Release */ = {
			isa = XCBuildConfiguration;
			buildSettings = {
				ASSETCATALOG_COMPILER_APPICON_NAME = AppIcon;
				ASSETCATALOG_COMPILER_GLOBAL_ACCENT_COLOR_NAME = AccentColor;
				CODE_SIGN_STYLE = Automatic;
				CURRENT_PROJECT_VERSION = 1;
				DEVELOPMENT_ASSET_PATHS = "\"BikerUI/Preview Content\"";
				DEVELOPMENT_TEAM = 6L85L25W7L;
				ENABLE_PREVIEWS = YES;
				GENERATE_INFOPLIST_FILE = YES;
				INFOPLIST_KEY_UIApplicationSceneManifest_Generation = YES;
				INFOPLIST_KEY_UIApplicationSupportsIndirectInputEvents = YES;
				INFOPLIST_KEY_UILaunchScreen_Generation = YES;
				INFOPLIST_KEY_UISupportedInterfaceOrientations_iPad = "UIInterfaceOrientationPortrait UIInterfaceOrientationPortraitUpsideDown UIInterfaceOrientationLandscapeLeft UIInterfaceOrientationLandscapeRight";
				INFOPLIST_KEY_UISupportedInterfaceOrientations_iPhone = "UIInterfaceOrientationPortrait UIInterfaceOrientationLandscapeLeft UIInterfaceOrientationLandscapeRight";
				LD_RUNPATH_SEARCH_PATHS = (
					"$(inherited)",
					"@executable_path/Frameworks",
				);
				MARKETING_VERSION = 1.0;
				PRODUCT_BUNDLE_IDENTIFIER = com.abhi.swift.BikerUI;
				PRODUCT_NAME = "$(TARGET_NAME)";
				SWIFT_EMIT_LOC_STRINGS = YES;
				SWIFT_VERSION = 5.0;
				TARGETED_DEVICE_FAMILY = "1,2";
			};
			name = Release;
		};
		8DA784C62C9CD9F900D25CF8 /* Debug */ = {
			isa = XCBuildConfiguration;
			buildSettings = {
				ALWAYS_EMBED_SWIFT_STANDARD_LIBRARIES = YES;
				BUNDLE_LOADER = "$(TEST_HOST)";
				CODE_SIGN_STYLE = Automatic;
				CURRENT_PROJECT_VERSION = 1;
				DEVELOPMENT_TEAM = 6L85L25W7L;
				GENERATE_INFOPLIST_FILE = YES;
				IPHONEOS_DEPLOYMENT_TARGET = 17.5;
				MARKETING_VERSION = 1.0;
				PRODUCT_BUNDLE_IDENTIFIER = com.abhi.swift.BikerUITests;
				PRODUCT_NAME = "$(TARGET_NAME)";
				SWIFT_EMIT_LOC_STRINGS = NO;
				SWIFT_VERSION = 5.0;
				TARGETED_DEVICE_FAMILY = "1,2";
				TEST_HOST = "$(BUILT_PRODUCTS_DIR)/BikerUI.app/$(BUNDLE_EXECUTABLE_FOLDER_PATH)/BikerUI";
			};
			name = Debug;
		};
		8DA784C72C9CD9F900D25CF8 /* Release */ = {
			isa = XCBuildConfiguration;
			buildSettings = {
				ALWAYS_EMBED_SWIFT_STANDARD_LIBRARIES = YES;
				BUNDLE_LOADER = "$(TEST_HOST)";
				CODE_SIGN_STYLE = Automatic;
				CURRENT_PROJECT_VERSION = 1;
				DEVELOPMENT_TEAM = 6L85L25W7L;
				GENERATE_INFOPLIST_FILE = YES;
				IPHONEOS_DEPLOYMENT_TARGET = 17.5;
				MARKETING_VERSION = 1.0;
				PRODUCT_BUNDLE_IDENTIFIER = com.abhi.swift.BikerUITests;
				PRODUCT_NAME = "$(TARGET_NAME)";
				SWIFT_EMIT_LOC_STRINGS = NO;
				SWIFT_VERSION = 5.0;
				TARGETED_DEVICE_FAMILY = "1,2";
				TEST_HOST = "$(BUILT_PRODUCTS_DIR)/BikerUI.app/$(BUNDLE_EXECUTABLE_FOLDER_PATH)/BikerUI";
			};
			name = Release;
		};
		8DA784C92C9CD9F900D25CF8 /* Debug */ = {
			isa = XCBuildConfiguration;
			buildSettings = {
				ALWAYS_EMBED_SWIFT_STANDARD_LIBRARIES = YES;
				CODE_SIGN_STYLE = Automatic;
				CURRENT_PROJECT_VERSION = 1;
				DEVELOPMENT_TEAM = 6L85L25W7L;
				GENERATE_INFOPLIST_FILE = YES;
				MARKETING_VERSION = 1.0;
				PRODUCT_BUNDLE_IDENTIFIER = com.abhi.swift.BikerUIUITests;
				PRODUCT_NAME = "$(TARGET_NAME)";
				SWIFT_EMIT_LOC_STRINGS = NO;
				SWIFT_VERSION = 5.0;
				TARGETED_DEVICE_FAMILY = "1,2";
				TEST_TARGET_NAME = BikerUI;
			};
			name = Debug;
		};
		8DA784CA2C9CD9F900D25CF8 /* Release */ = {
			isa = XCBuildConfiguration;
			buildSettings = {
				ALWAYS_EMBED_SWIFT_STANDARD_LIBRARIES = YES;
				CODE_SIGN_STYLE = Automatic;
				CURRENT_PROJECT_VERSION = 1;
				DEVELOPMENT_TEAM = 6L85L25W7L;
				GENERATE_INFOPLIST_FILE = YES;
				MARKETING_VERSION = 1.0;
				PRODUCT_BUNDLE_IDENTIFIER = com.abhi.swift.BikerUIUITests;
				PRODUCT_NAME = "$(TARGET_NAME)";
				SWIFT_EMIT_LOC_STRINGS = NO;
				SWIFT_VERSION = 5.0;
				TARGETED_DEVICE_FAMILY = "1,2";
				TEST_TARGET_NAME = BikerUI;
			};
			name = Release;
		};
/* End XCBuildConfiguration section */

/* Begin XCConfigurationList section */
		8DA784992C9CD9F500D25CF8 /* Build configuration list for PBXProject "BikerUI" */ = {
			isa = XCConfigurationList;
			buildConfigurations = (
				8DA784C02C9CD9F900D25CF8 /* Debug */,
				8DA784C12C9CD9F900D25CF8 /* Release */,
			);
			defaultConfigurationIsVisible = 0;
			defaultConfigurationName = Release;
		};
		8DA784C22C9CD9F900D25CF8 /* Build configuration list for PBXNativeTarget "BikerUI" */ = {
			isa = XCConfigurationList;
			buildConfigurations = (
				8DA784C32C9CD9F900D25CF8 /* Debug */,
				8DA784C42C9CD9F900D25CF8 /* Release */,
			);
			defaultConfigurationIsVisible = 0;
			defaultConfigurationName = Release;
		};
		8DA784C52C9CD9F900D25CF8 /* Build configuration list for PBXNativeTarget "BikerUITests" */ = {
			isa = XCConfigurationList;
			buildConfigurations = (
				8DA784C62C9CD9F900D25CF8 /* Debug */,
				8DA784C72C9CD9F900D25CF8 /* Release */,
			);
			defaultConfigurationIsVisible = 0;
			defaultConfigurationName = Release;
		};
		8DA784C82C9CD9F900D25CF8 /* Build configuration list for PBXNativeTarget "BikerUIUITests" */ = {
			isa = XCConfigurationList;
			buildConfigurations = (
				8DA784C92C9CD9F900D25CF8 /* Debug */,
				8DA784CA2C9CD9F900D25CF8 /* Release */,
			);
			defaultConfigurationIsVisible = 0;
			defaultConfigurationName = Release;
		};
/* End XCConfigurationList section */
	};
	rootObject = 8DA784962C9CD9F500D25CF8 /* Project object */;
}
